
Microsoft Visual Studio Solution File, Format Version 12.00
Project("{FAE04EC0-301F-11D3-BF4B-00C04F79EFBC}") = "SteamWorkshopDownloader", "SteamWorkshopDownloader\SteamWorkshopDownloader\SteamWorkshopDownloader.csproj", "{D9EFD9A6-7FD2-4403-AFF4-6B5155CEF639}"
EndProject
Project("{FAE04EC0-301F-11D3-BF4B-00C04F79EFBC}") = "DepotDownloader", "DepotDownloader\DepotDownloader\DepotDownloader.csproj", "{BB10B016-65ED-43CB-972B-D47033DD0FDE}"
EndProject
Global
	GlobalSection(SolutionConfigurationPlatforms) = preSolution
		Debug|Any CPU = Debug|Any CPU
		Release|Any CPU = Release|Any CPU
	EndGlobalSection
	GlobalSection(ProjectConfigurationPlatforms) = postSolution
		{D9EFD9A6-7FD2-4403-AFF4-6B5155CEF639}.Debug|Any CPU.ActiveCfg = Debug|Any CPU
		{D9EFD9A6-7FD2-4403-AFF4-6B5155CEF639}.Debug|Any CPU.Build.0 = Debug|Any CPU
		{D9EFD9A6-7FD2-4403-AFF4-6B5155CEF639}.Release|Any CPU.ActiveCfg = Release|Any CPU
		{D9EFD9A6-7FD2-4403-AFF4-6B5155CEF639}.Release|Any CPU.Build.0 = Release|Any CPU
		{BB10B016-65ED-43CB-972B-D47033DD0FDE}.Debug|Any CPU.ActiveCfg = Debug|Any CPU
		{BB10B016-65ED-43CB-972B-D47033DD0FDE}.Debug|Any CPU.Build.0 = Debug|Any CPU
		{BB10B016-65ED-43CB-972B-D47033DD0FDE}.Release|Any CPU.ActiveCfg = Release|Any CPU
		{BB10B016-65ED-43CB-972B-D47033DD0FDE}.Release|Any CPU.Build.0 = Release|Any CPU
	EndGlobalSection
EndGlobal
